
Microsoft Visual Studio Solution File, Format Version 12.00
# Visual Studio Version 17
VisualStudioVersion = 17.0.31903.59
MinimumVisualStudioVersion = 10.0.40219.1
Project("{FAE04EC0-301F-11D3-BF4B-00C04F79EFBC}") = "MathService", "MathService\MathService.csproj", "{3543AC0D-671F-48D6-84B5-B267885E1A75}"
EndProject
Project("{FAE04EC0-301F-11D3-BF4B-00C04F79EFBC}") = "MathService.Tests", "MathService.Tests\MathService.Tests.csproj", "{1BB94CC8-51EF-462F-A5AC-D2F450943E42}"
EndProject
Project("{FAE04EC0-301F-11D3-BF4B-00C04F79EFBC}") = "Web", "Web\Web.csproj", "{B1766F51-B623-4A70-97F0-766C91AA585B}"
EndProject
Global
	GlobalSection(SolutionConfigurationPlatforms) = preSolution
		Debug|Any CPU = Debug|Any CPU
		Release|Any CPU = Release|Any CPU
	EndGlobalSection
	GlobalSection(SolutionProperties) = preSolution
		HideSolutionNode = FALSE
	EndGlobalSection
	GlobalSection(ProjectConfigurationPlatforms) = postSolution
		{3543AC0D-671F-48D6-84B5-B267885E1A75}.Debug|Any CPU.ActiveCfg = Debug|Any CPU
		{3543AC0D-671F-48D6-84B5-B267885E1A75}.Debug|Any CPU.Build.0 = Debug|Any CPU
		{3543AC0D-671F-48D6-84B5-B267885E1A75}.Release|Any CPU.ActiveCfg = Release|Any CPU
		{3543AC0D-671F-48D6-84B5-B267885E1A75}.Release|Any CPU.Build.0 = Release|Any CPU
		{1BB94CC8-51EF-462F-A5AC-D2F450943E42}.Debug|Any CPU.ActiveCfg = Debug|Any CPU
		{1BB94CC8-51EF-462F-A5AC-D2F450943E42}.Debug|Any CPU.Build.0 = Debug|Any CPU
		{1BB94CC8-51EF-462F-A5AC-D2F450943E42}.Release|Any CPU.ActiveCfg = Release|Any CPU
		{1BB94CC8-51EF-462F-A5AC-D2F450943E42}.Release|Any CPU.Build.0 = Release|Any CPU
		{B1766F51-B623-4A70-97F0-766C91AA585B}.Debug|Any CPU.ActiveCfg = Debug|Any CPU
		{B1766F51-B623-4A70-97F0-766C91AA585B}.Debug|Any CPU.Build.0 = Debug|Any CPU
		{B1766F51-B623-4A70-97F0-766C91AA585B}.Release|Any CPU.ActiveCfg = Release|Any CPU
		{B1766F51-B623-4A70-97F0-766C91AA585B}.Release|Any CPU.Build.0 = Release|Any CPU
	EndGlobalSection
EndGlobal
